// !$*UTF8*$!
{
	archiveVersion = 1;
	classes = {
	};
	objectVersion = 46;
	objects = {

/* Begin PBXBuildFile section */
		BB97ADFC1F4080A7005E02C3 /* AppDelegate.swift in Sources */ = {isa = PBXBuildFile; fileRef = BB97ADFB1F4080A7005E02C3 /* AppDelegate.swift */; };
		BB97AE011F4080A7005E02C3 /* Main.storyboard in Resources */ = {isa = PBXBuildFile; fileRef = BB97ADFF1F4080A7005E02C3 /* Main.storyboard */; };
		BB97AE031F4080A7005E02C3 /* Assets.xcassets in Resources */ = {isa = PBXBuildFile; fileRef = BB97AE021F4080A7005E02C3 /* Assets.xcassets */; };
		BB97AE061F4080A7005E02C3 /* LaunchScreen.storyboard in Resources */ = {isa = PBXBuildFile; fileRef = BB97AE041F4080A7005E02C3 /* LaunchScreen.storyboard */; };
		BBBEE4341F43798700DB3806 /* sharedExam.swift in Sources */ = {isa = PBXBuildFile; fileRef = BBBEE4331F43798700DB3806 /* sharedExam.swift */; };
		BBBEE4361F43798E00DB3806 /* sharedExamVC.swift in Sources */ = {isa = PBXBuildFile; fileRef = BBBEE4351F43798E00DB3806 /* sharedExamVC.swift */; };
		BBBEE4391F43799700DB3806 /* sharedExamCell.swift in Sources */ = {isa = PBXBuildFile; fileRef = BBBEE4371F43799700DB3806 /* sharedExamCell.swift */; };
		BBBEE43A1F43799700DB3806 /* sharedExamView.swift in Sources */ = {isa = PBXBuildFile; fileRef = BBBEE4381F43799700DB3806 /* sharedExamView.swift */; };
		BBBEE43C1F43962A00DB3806 /* searchVC.swift in Sources */ = {isa = PBXBuildFile; fileRef = BBBEE43B1F43962A00DB3806 /* searchVC.swift */; };
		BBBEE43E1F4396BA00DB3806 /* searchView.swift in Sources */ = {isa = PBXBuildFile; fileRef = BBBEE43D1F4396BA00DB3806 /* searchView.swift */; };
		C6D56A077B0FDC03626F073F /* Pods_exmshr_ios.framework in Frameworks */ = {isa = PBXBuildFile; fileRef = BDE6E7759DCC979879B6565E /* Pods_exmshr_ios.framework */; };
/* End PBXBuildFile section */

/* Begin PBXFileReference section */
		173B0B0C722A463EBD7D8684 /* Pods-exmshr-ios.release.xcconfig */ = {isa = PBXFileReference; includeInIndex = 1; lastKnownFileType = text.xcconfig; name = "Pods-exmshr-ios.release.xcconfig"; path = "Pods/Target Support Files/Pods-exmshr-ios/Pods-exmshr-ios.release.xcconfig"; sourceTree = "<group>"; };
		2ED7738B2C796480E4182270 /* Pods-exmshr-ios.debug.xcconfig */ = {isa = PBXFileReference; includeInIndex = 1; lastKnownFileType = text.xcconfig; name = "Pods-exmshr-ios.debug.xcconfig"; path = "Pods/Target Support Files/Pods-exmshr-ios/Pods-exmshr-ios.debug.xcconfig"; sourceTree = "<group>"; };
		BB97ADF81F4080A7005E02C3 /* exmshr-ios.app */ = {isa = PBXFileReference; explicitFileType = wrapper.application; includeInIndex = 0; path = "exmshr-ios.app"; sourceTree = BUILT_PRODUCTS_DIR; };
		BB97ADFB1F4080A7005E02C3 /* AppDelegate.swift */ = {isa = PBXFileReference; lastKnownFileType = sourcecode.swift; path = AppDelegate.swift; sourceTree = "<group>"; };
		BB97AE001F4080A7005E02C3 /* Base */ = {isa = PBXFileReference; lastKnownFileType = file.storyboard; name = Base; path = Base.lproj/Main.storyboard; sourceTree = "<group>"; };
		BB97AE021F4080A7005E02C3 /* Assets.xcassets */ = {isa = PBXFileReference; lastKnownFileType = folder.assetcatalog; path = Assets.xcassets; sourceTree = "<group>"; };
		BB97AE051F4080A7005E02C3 /* Base */ = {isa = PBXFileReference; lastKnownFileType = file.storyboard; name = Base; path = Base.lproj/LaunchScreen.storyboard; sourceTree = "<group>"; };
		BB97AE071F4080A7005E02C3 /* Info.plist */ = {isa = PBXFileReference; lastKnownFileType = text.plist.xml; path = Info.plist; sourceTree = "<group>"; };
		BBBEE4331F43798700DB3806 /* sharedExam.swift */ = {isa = PBXFileReference; fileEncoding = 4; lastKnownFileType = sourcecode.swift; path = sharedExam.swift; sourceTree = "<group>"; };
		BBBEE4351F43798E00DB3806 /* sharedExamVC.swift */ = {isa = PBXFileReference; fileEncoding = 4; lastKnownFileType = sourcecode.swift; path = sharedExamVC.swift; sourceTree = "<group>"; };
		BBBEE4371F43799700DB3806 /* sharedExamCell.swift */ = {isa = PBXFileReference; fileEncoding = 4; lastKnownFileType = sourcecode.swift; path = sharedExamCell.swift; sourceTree = "<group>"; };
		BBBEE4381F43799700DB3806 /* sharedExamView.swift */ = {isa = PBXFileReference; fileEncoding = 4; lastKnownFileType = sourcecode.swift; path = sharedExamView.swift; sourceTree = "<group>"; };
		BBBEE43B1F43962A00DB3806 /* searchVC.swift */ = {isa = PBXFileReference; fileEncoding = 4; lastKnownFileType = sourcecode.swift; path = searchVC.swift; sourceTree = "<group>"; };
		BBBEE43D1F4396BA00DB3806 /* searchView.swift */ = {isa = PBXFileReference; fileEncoding = 4; lastKnownFileType = sourcecode.swift; path = searchView.swift; sourceTree = "<group>"; };
		BDE6E7759DCC979879B6565E /* Pods_exmshr_ios.framework */ = {isa = PBXFileReference; explicitFileType = wrapper.framework; includeInIndex = 0; path = Pods_exmshr_ios.framework; sourceTree = BUILT_PRODUCTS_DIR; };
/* End PBXFileReference section */

/* Begin PBXFrameworksBuildPhase section */
		BB97ADF51F4080A6005E02C3 /* Frameworks */ = {
			isa = PBXFrameworksBuildPhase;
			buildActionMask = 2147483647;
			files = (
				C6D56A077B0FDC03626F073F /* Pods_exmshr_ios.framework in Frameworks */,
			);
			runOnlyForDeploymentPostprocessing = 0;
		};
/* End PBXFrameworksBuildPhase section */

/* Begin PBXGroup section */
		0306413DFB5E2FEEB8E13E4F /* Frameworks */ = {
			isa = PBXGroup;
			children = (
				BDE6E7759DCC979879B6565E /* Pods_exmshr_ios.framework */,
			);
			name = Frameworks;
			sourceTree = "<group>";
		};
		BB97ADEF1F4080A5005E02C3 = {
			isa = PBXGroup;
			children = (
				BB97ADFA1F4080A7005E02C3 /* exmshr-ios */,
				BB97ADF91F4080A7005E02C3 /* Products */,
				F87CFC5545C2E9677CBFF84C /* Pods */,
				0306413DFB5E2FEEB8E13E4F /* Frameworks */,
			);
			sourceTree = "<group>";
		};
		BB97ADF91F4080A7005E02C3 /* Products */ = {
			isa = PBXGroup;
			children = (
				BB97ADF81F4080A7005E02C3 /* exmshr-ios.app */,
			);
			name = Products;
			sourceTree = "<group>";
		};
		BB97ADFA1F4080A7005E02C3 /* exmshr-ios */ = {
			isa = PBXGroup;
			children = (
				BB97ADFB1F4080A7005E02C3 /* AppDelegate.swift */,
				BB97AE0E1F40885A005E02C3 /* Model */,
				BB97AE0D1F408850005E02C3 /* Controlelr */,
				BB97AE0F1F408867005E02C3 /* View */,
				BB97ADFF1F4080A7005E02C3 /* Main.storyboard */,
				BB97AE021F4080A7005E02C3 /* Assets.xcassets */,
				BB97AE041F4080A7005E02C3 /* LaunchScreen.storyboard */,
				BB97AE071F4080A7005E02C3 /* Info.plist */,
			);
			path = "exmshr-ios";
			sourceTree = "<group>";
		};
		BB97AE0D1F408850005E02C3 /* Controlelr */ = {
			isa = PBXGroup;
			children = (
				BBBEE4351F43798E00DB3806 /* sharedExamVC.swift */,
				BBBEE43B1F43962A00DB3806 /* searchVC.swift */,
			);
			name = Controlelr;
			sourceTree = "<group>";
		};
		BB97AE0E1F40885A005E02C3 /* Model */ = {
			isa = PBXGroup;
			children = (
				BBBEE4331F43798700DB3806 /* sharedExam.swift */,
			);
			name = Model;
			sourceTree = "<group>";
		};
		BB97AE0F1F408867005E02C3 /* View */ = {
			isa = PBXGroup;
			children = (
				BBBEE4371F43799700DB3806 /* sharedExamCell.swift */,
				BBBEE43D1F4396BA00DB3806 /* searchView.swift */,
				BBBEE4381F43799700DB3806 /* sharedExamView.swift */,
			);
			name = View;
			sourceTree = "<group>";
		};
		F87CFC5545C2E9677CBFF84C /* Pods */ = {
			isa = PBXGroup;
			children = (
				2ED7738B2C796480E4182270 /* Pods-exmshr-ios.debug.xcconfig */,
				173B0B0C722A463EBD7D8684 /* Pods-exmshr-ios.release.xcconfig */,
			);
			name = Pods;
			sourceTree = "<group>";
		};
/* End PBXGroup section */

/* Begin PBXNativeTarget section */
		BB97ADF71F4080A6005E02C3 /* exmshr-ios */ = {
			isa = PBXNativeTarget;
			buildConfigurationList = BB97AE0A1F4080A7005E02C3 /* Build configuration list for PBXNativeTarget "exmshr-ios" */;
			buildPhases = (
				5E445BD4444BCE6663DEA0C0 /* [CP] Check Pods Manifest.lock */,
				BB97ADF41F4080A6005E02C3 /* Sources */,
				BB97ADF51F4080A6005E02C3 /* Frameworks */,
				BB97ADF61F4080A6005E02C3 /* Resources */,
				689A1CD2F18FB93B8E3C84AE /* [CP] Embed Pods Frameworks */,
				5315D8B899D65DE1D2D6A3ED /* [CP] Copy Pods Resources */,
			);
			buildRules = (
			);
			dependencies = (
			);
			name = "exmshr-ios";
			productName = "exmshr-ios";
			productReference = BB97ADF81F4080A7005E02C3 /* exmshr-ios.app */;
			productType = "com.apple.product-type.application";
		};
/* End PBXNativeTarget section */

/* Begin PBXProject section */
		BB97ADF01F4080A5005E02C3 /* Project object */ = {
			isa = PBXProject;
			attributes = {
				LastSwiftUpdateCheck = 0820;
				LastUpgradeCheck = 0820;
				ORGANIZATIONNAME = taira120;
				TargetAttributes = {
					BB97ADF71F4080A6005E02C3 = {
						CreatedOnToolsVersion = 8.2;
						DevelopmentTeam = 4X3E9PQ9NR;
						ProvisioningStyle = Automatic;
					};
				};
			};
			buildConfigurationList = BB97ADF31F4080A5005E02C3 /* Build configuration list for PBXProject "exmshr-ios" */;
			compatibilityVersion = "Xcode 3.2";
			developmentRegion = English;
			hasScannedForEncodings = 0;
			knownRegions = (
				en,
				Base,
			);
			mainGroup = BB97ADEF1F4080A5005E02C3;
			productRefGroup = BB97ADF91F4080A7005E02C3 /* Products */;
			projectDirPath = "";
			projectRoot = "";
			targets = (
				BB97ADF71F4080A6005E02C3 /* exmshr-ios */,
			);
		};
/* End PBXProject section */

/* Begin PBXResourcesBuildPhase section */
		BB97ADF61F4080A6005E02C3 /* Resources */ = {
			isa = PBXResourcesBuildPhase;
			buildActionMask = 2147483647;
			files = (
				BB97AE061F4080A7005E02C3 /* LaunchScreen.storyboard in Resources */,
				BB97AE031F4080A7005E02C3 /* Assets.xcassets in Resources */,
				BB97AE011F4080A7005E02C3 /* Main.storyboard in Resources */,
			);
			runOnlyForDeploymentPostprocessing = 0;
		};
/* End PBXResourcesBuildPhase section */

/* Begin PBXShellScriptBuildPhase section */
		5315D8B899D65DE1D2D6A3ED /* [CP] Copy Pods Resources */ = {
			isa = PBXShellScriptBuildPhase;
			buildActionMask = 2147483647;
			files = (
			);
			inputPaths = (
			);
			name = "[CP] Copy Pods Resources";
			outputPaths = (
			);
			runOnlyForDeploymentPostprocessing = 0;
			shellPath = /bin/sh;
			shellScript = "\"${SRCROOT}/Pods/Target Support Files/Pods-exmshr-ios/Pods-exmshr-ios-resources.sh\"\n";
			showEnvVarsInLog = 0;
		};
		5E445BD4444BCE6663DEA0C0 /* [CP] Check Pods Manifest.lock */ = {
			isa = PBXShellScriptBuildPhase;
			buildActionMask = 2147483647;
			files = (
			);
			inputPaths = (
				"${PODS_PODFILE_DIR_PATH}/Podfile.lock",
				"${PODS_ROOT}/Manifest.lock",
			);
			name = "[CP] Check Pods Manifest.lock";
			outputPaths = (
				"$(DERIVED_FILE_DIR)/Pods-exmshr-ios-checkManifestLockResult.txt",
			);
			runOnlyForDeploymentPostprocessing = 0;
			shellPath = /bin/sh;
			shellScript = "diff \"${PODS_PODFILE_DIR_PATH}/Podfile.lock\" \"${PODS_ROOT}/Manifest.lock\" > /dev/null\nif [ $? != 0 ] ; then\n    # print error to STDERR\n    echo \"error: The sandbox is not in sync with the Podfile.lock. Run 'pod install' or update your CocoaPods installation.\" >&2\n    exit 1\nfi\n# This output is used by Xcode 'outputs' to avoid re-running this script phase.\necho \"SUCCESS\" > \"${SCRIPT_OUTPUT_FILE_0}\"\n";
			showEnvVarsInLog = 0;
		};
		689A1CD2F18FB93B8E3C84AE /* [CP] Embed Pods Frameworks */ = {
			isa = PBXShellScriptBuildPhase;
			buildActionMask = 2147483647;
			files = (
			);
			inputPaths = (
				"${SRCROOT}/Pods/Target Support Files/Pods-exmshr-ios/Pods-exmshr-ios-frameworks.sh",
				"${BUILT_PRODUCTS_DIR}/Alamofire/Alamofire.framework",
				"${BUILT_PRODUCTS_DIR}/Eureka/Eureka.framework",
				"${BUILT_PRODUCTS_DIR}/SwiftyJSON/SwiftyJSON.framework",
			);
			name = "[CP] Embed Pods Frameworks";
			outputPaths = (
				"${TARGET_BUILD_DIR}/${FRAMEWORKS_FOLDER_PATH}/Alamofire.framework",
				"${TARGET_BUILD_DIR}/${FRAMEWORKS_FOLDER_PATH}/Eureka.framework",
				"${TARGET_BUILD_DIR}/${FRAMEWORKS_FOLDER_PATH}/SwiftyJSON.framework",
			);
			runOnlyForDeploymentPostprocessing = 0;
			shellPath = /bin/sh;
			shellScript = "\"${SRCROOT}/Pods/Target Support Files/Pods-exmshr-ios/Pods-exmshr-ios-frameworks.sh\"\n";
			showEnvVarsInLog = 0;
		};
/* End PBXShellScriptBuildPhase section */

/* Begin PBXSourcesBuildPhase section */
		BB97ADF41F4080A6005E02C3 /* Sources */ = {
			isa = PBXSourcesBuildPhase;
			buildActionMask = 2147483647;
			files = (
				BBBEE43E1F4396BA00DB3806 /* searchView.swift in Sources */,
				BBBEE4361F43798E00DB3806 /* sharedExamVC.swift in Sources */,
				BBBEE4341F43798700DB3806 /* sharedExam.swift in Sources */,
				BBBEE43C1F43962A00DB3806 /* searchVC.swift in Sources */,
				BBBEE43A1F43799700DB3806 /* sharedExamView.swift in Sources */,
				BBBEE4391F43799700DB3806 /* sharedExamCell.swift in Sources */,
				BB97ADFC1F4080A7005E02C3 /* AppDelegate.swift in Sources */,
			);
			runOnlyForDeploymentPostprocessing = 0;
		};
/* End PBXSourcesBuildPhase section */

/* Begin PBXVariantGroup section */
		BB97ADFF1F4080A7005E02C3 /* Main.storyboard */ = {
			isa = PBXVariantGroup;
			children = (
				BB97AE001F4080A7005E02C3 /* Base */,
			);
			name = Main.storyboard;
			sourceTree = "<group>";
		};
		BB97AE041F4080A7005E02C3 /* LaunchScreen.storyboard */ = {
			isa = PBXVariantGroup;
			children = (
				BB97AE051F4080A7005E02C3 /* Base */,
			);
			name = LaunchScreen.storyboard;
			sourceTree = "<group>";
		};
/* End PBXVariantGroup section */

/* Begin XCBuildConfiguration section */
		BB97AE081F4080A7005E02C3 /* Debug */ = {
			isa = XCBuildConfiguration;
			buildSettings = {
				ALWAYS_SEARCH_USER_PATHS = NO;
				CLANG_ANALYZER_NONNULL = YES;
				CLANG_CXX_LANGUAGE_STANDARD = "gnu++0x";
				CLANG_CXX_LIBRARY = "libc++";
				CLANG_ENABLE_MODULES = YES;
				CLANG_ENABLE_OBJC_ARC = YES;
				CLANG_WARN_BOOL_CONVERSION = YES;
				CLANG_WARN_CONSTANT_CONVERSION = YES;
				CLANG_WARN_DIRECT_OBJC_ISA_USAGE = YES_ERROR;
				CLANG_WARN_DOCUMENTATION_COMMENTS = YES;
				CLANG_WARN_EMPTY_BODY = YES;
				CLANG_WARN_ENUM_CONVERSION = YES;
				CLANG_WARN_INFINITE_RECURSION = YES;
				CLANG_WARN_INT_CONVERSION = YES;
				CLANG_WARN_OBJC_ROOT_CLASS = YES_ERROR;
				CLANG_WARN_SUSPICIOUS_MOVE = YES;
				CLANG_WARN_UNREACHABLE_CODE = YES;
				CLANG_WARN__DUPLICATE_METHOD_MATCH = YES;
				"CODE_SIGN_IDENTITY[sdk=iphoneos*]" = "iPhone Developer";
				COPY_PHASE_STRIP = NO;
				DEBUG_INFORMATION_FORMAT = dwarf;
				ENABLE_STRICT_OBJC_MSGSEND = YES;
				ENABLE_TESTABILITY = YES;
				GCC_C_LANGUAGE_STANDARD = gnu99;
				GCC_DYNAMIC_NO_PIC = NO;
				GCC_NO_COMMON_BLOCKS = YES;
				GCC_OPTIMIZATION_LEVEL = 0;
				GCC_PREPROCESSOR_DEFINITIONS = (
					"DEBUG=1",
					"$(inherited)",
				);
				GCC_WARN_64_TO_32_BIT_CONVERSION = YES;
				GCC_WARN_ABOUT_RETURN_TYPE = YES_ERROR;
				GCC_WARN_UNDECLARED_SELECTOR = YES;
				GCC_WARN_UNINITIALIZED_AUTOS = YES_AGGRESSIVE;
				GCC_WARN_UNUSED_FUNCTION = YES;
				GCC_WARN_UNUSED_VARIABLE = YES;
				IPHONEOS_DEPLOYMENT_TARGET = 10.2;
				MTL_ENABLE_DEBUG_INFO = YES;
				ONLY_ACTIVE_ARCH = YES;
				SDKROOT = iphoneos;
				SWIFT_ACTIVE_COMPILATION_CONDITIONS = DEBUG;
				SWIFT_OPTIMIZATION_LEVEL = "-Onone";
			};
			name = Debug;
		};
		BB97AE091F4080A7005E02C3 /* Release */ = {
			isa = XCBuildConfiguration;
			buildSettings = {
				ALWAYS_SEARCH_USER_PATHS = NO;
				CLANG_ANALYZER_NONNULL = YES;
				CLANG_CXX_LANGUAGE_STANDARD = "gnu++0x";
				CLANG_CXX_LIBRARY = "libc++";
				CLANG_ENABLE_MODULES = YES;
				CLANG_ENABLE_OBJC_ARC = YES;
				CLANG_WARN_BOOL_CONVERSION = YES;
				CLANG_WARN_CONSTANT_CONVERSION = YES;
				CLANG_WARN_DIRECT_OBJC_ISA_USAGE = YES_ERROR;
				CLANG_WARN_DOCUMENTATION_COMMENTS = YES;
				CLANG_WARN_EMPTY_BODY = YES;
				CLANG_WARN_ENUM_CONVERSION = YES;
				CLANG_WARN_INFINITE_RECURSION = YES;
				CLANG_WARN_INT_CONVERSION = YES;
				CLANG_WARN_OBJC_ROOT_CLASS = YES_ERROR;
				CLANG_WARN_SUSPICIOUS_MOVE = YES;
				CLANG_WARN_UNREACHABLE_CODE = YES;
				CLANG_WARN__DUPLICATE_METHOD_MATCH = YES;
				"CODE_SIGN_IDENTITY[sdk=iphoneos*]" = "iPhone Developer";
				COPY_PHASE_STRIP = NO;
				DEBUG_INFORMATION_FORMAT = "dwarf-with-dsym";
				ENABLE_NS_ASSERTIONS = NO;
				ENABLE_STRICT_OBJC_MSGSEND = YES;
				GCC_C_LANGUAGE_STANDARD = gnu99;
				GCC_NO_COMMON_BLOCKS = YES;
				GCC_WARN_64_TO_32_BIT_CONVERSION = YES;
				GCC_WARN_ABOUT_RETURN_TYPE = YES_ERROR;
				GCC_WARN_UNDECLARED_SELECTOR = YES;
				GCC_WARN_UNINITIALIZED_AUTOS = YES_AGGRESSIVE;
				GCC_WARN_UNUSED_FUNCTION = YES;
				GCC_WARN_UNUSED_VARIABLE = YES;
				IPHONEOS_DEPLOYMENT_TARGET = 10.2;
				MTL_ENABLE_DEBUG_INFO = NO;
				SDKROOT = iphoneos;
				SWIFT_OPTIMIZATION_LEVEL = "-Owholemodule";
				VALIDATE_PRODUCT = YES;
			};
			name = Release;
		};
		BB97AE0B1F4080A7005E02C3 /* Debug */ = {
			isa = XCBuildConfiguration;
			baseConfigurationReference = 2ED7738B2C796480E4182270 /* Pods-exmshr-ios.debug.xcconfig */;
			buildSettings = {
				ASSETCATALOG_COMPILER_APPICON_NAME = AppIcon;
				DEVELOPMENT_TEAM = 4X3E9PQ9NR;
				INFOPLIST_FILE = "exmshr-ios/Info.plist";
				LD_RUNPATH_SEARCH_PATHS = "$(inherited) @executable_path/Frameworks";
				PRODUCT_BUNDLE_IDENTIFIER = "taira.exmshr-ios";
				PRODUCT_NAME = "$(TARGET_NAME)";
				SWIFT_VERSION = 3.0;
			};
			name = Debug;
		};
		BB97AE0C1F4080A7005E02C3 /* Release */ = {
			isa = XCBuildConfiguration;
			baseConfigurationReference = 173B0B0C722A463EBD7D8684 /* Pods-exmshr-ios.release.xcconfig */;
			buildSettings = {
				ASSETCATALOG_COMPILER_APPICON_NAME = AppIcon;
				DEVELOPMENT_TEAM = 4X3E9PQ9NR;
				INFOPLIST_FILE = "exmshr-ios/Info.plist";
				LD_RUNPATH_SEARCH_PATHS = "$(inherited) @executable_path/Frameworks";
				PRODUCT_BUNDLE_IDENTIFIER = "taira.exmshr-ios";
				PRODUCT_NAME = "$(TARGET_NAME)";
				SWIFT_VERSION = 3.0;
			};
			name = Release;
		};
/* End XCBuildConfiguration section */

/* Begin XCConfigurationList section */
		BB97ADF31F4080A5005E02C3 /* Build configuration list for PBXProject "exmshr-ios" */ = {
			isa = XCConfigurationList;
			buildConfigurations = (
				BB97AE081F4080A7005E02C3 /* Debug */,
				BB97AE091F4080A7005E02C3 /* Release */,
			);
			defaultConfigurationIsVisible = 0;
			defaultConfigurationName = Release;
		};
		BB97AE0A1F4080A7005E02C3 /* Build configuration list for PBXNativeTarget "exmshr-ios" */ = {
			isa = XCConfigurationList;
			buildConfigurations = (
				BB97AE0B1F4080A7005E02C3 /* Debug */,
				BB97AE0C1F4080A7005E02C3 /* Release */,
			);
			defaultConfigurationIsVisible = 0;
			defaultConfigurationName = Release;
		};
/* End XCConfigurationList section */
	};
	rootObject = BB97ADF01F4080A5005E02C3 /* Project object */;
}
